
Microsoft Visual Studio Solution File, Format Version 12.00
# Visual Studio Version 16
VisualStudioVersion = 16.0.31019.35
MinimumVisualStudioVersion = 10.0.40219.1
Project("{FAE04EC0-301F-11D3-BF4B-00C04F79EFBC}") = "McCullochPitts", "McCullochPitts\McCullochPitts.csproj", "{B60EC704-2A1B-488C-997A-4DBB80597E49}"
EndProject
Global
	GlobalSection(SolutionConfigurationPlatforms) = preSolution
		Debug|Any CPU = Debug|Any CPU
		Release|Any CPU = Release|Any CPU
	EndGlobalSection
	GlobalSection(ProjectConfigurationPlatforms) = postSolution
		{B60EC704-2A1B-488C-997A-4DBB80597E49}.Debug|Any CPU.ActiveCfg = Debug|Any CPU
		{B60EC704-2A1B-488C-997A-4DBB80597E49}.Debug|Any CPU.Build.0 = Debug|Any CPU
		{B60EC704-2A1B-488C-997A-4DBB80597E49}.Release|Any CPU.ActiveCfg = Release|Any CPU
		{B60EC704-2A1B-488C-997A-4DBB80597E49}.Release|Any CPU.Build.0 = Release|Any CPU
	EndGlobalSection
	GlobalSection(SolutionProperties) = preSolution
		HideSolutionNode = FALSE
	EndGlobalSection
	GlobalSection(ExtensibilityGlobals) = postSolution
		SolutionGuid = {4F7706F0-C63B-4BD2-90E1-746D184E04F5}
	EndGlobalSection
EndGlobal
